
Microsoft Visual Studio Solution File, Format Version 12.00
# Visual Studio Version 16
VisualStudioVersion = 25.0.1705.6
MinimumVisualStudioVersion = 10.0.40219.1
Project("{FAE04EC0-301F-11D3-BF4B-00C04F79EFBC}") = "Project.MVC", "Project.MVC\Project.MVC.csproj", "{E50EFC7C-1538-4563-A6EB-9471F693DAA5}"
EndProject
Project("{FAE04EC0-301F-11D3-BF4B-00C04F79EFBC}") = "Project.Service", "Project.Service\Project.Service.csproj", "{FF78D8F5-F9BF-4128-B6B7-19C25C759ACD}"
EndProject
Global
	GlobalSection(SolutionConfigurationPlatforms) = preSolution
		Debug|Any CPU = Debug|Any CPU
		Release|Any CPU = Release|Any CPU
	EndGlobalSection
	GlobalSection(ProjectConfigurationPlatforms) = postSolution
		{E50EFC7C-1538-4563-A6EB-9471F693DAA5}.Debug|Any CPU.ActiveCfg = Debug|Any CPU
		{E50EFC7C-1538-4563-A6EB-9471F693DAA5}.Debug|Any CPU.Build.0 = Debug|Any CPU
		{E50EFC7C-1538-4563-A6EB-9471F693DAA5}.Release|Any CPU.ActiveCfg = Release|Any CPU
		{E50EFC7C-1538-4563-A6EB-9471F693DAA5}.Release|Any CPU.Build.0 = Release|Any CPU
		{FF78D8F5-F9BF-4128-B6B7-19C25C759ACD}.Debug|Any CPU.ActiveCfg = Debug|Any CPU
		{FF78D8F5-F9BF-4128-B6B7-19C25C759ACD}.Debug|Any CPU.Build.0 = Debug|Any CPU
		{FF78D8F5-F9BF-4128-B6B7-19C25C759ACD}.Release|Any CPU.ActiveCfg = Release|Any CPU
		{FF78D8F5-F9BF-4128-B6B7-19C25C759ACD}.Release|Any CPU.Build.0 = Release|Any CPU
	EndGlobalSection
	GlobalSection(SolutionProperties) = preSolution
		HideSolutionNode = FALSE
	EndGlobalSection
	GlobalSection(ExtensibilityGlobals) = postSolution
		SolutionGuid = {BB6FA7B5-493C-4083-AAC5-EDF4CF13B76D}
	EndGlobalSection
EndGlobal
